{
  "name": "@thzero/library_common",
  "version": "0.18.0",
  "lockfileVersion": 3,
  "requires": true,
  "packages": {
    "": {
      "name": "@thzero/library_common",
      "version": "0.18.0",
      "license": "MIT",
      "dependencies": {
        "@thzero/library_id_nanoid": "^0.18",
        "dayjs": "^1.11.10",
        "dayjs-plugin-utc": "^0.1.2",
        "lodash-es": "^4.17.21"
      }
    },
    "node_modules/@thzero/library_id_nanoid": {
      "version": "0.18.1",
      "resolved": "https://registry.npmjs.org/@thzero/library_id_nanoid/-/library_id_nanoid-0.18.1.tgz",
      "integrity": "sha512-vjXnmBriSpyPoYlUwd39pFLd56KIk0vFOvPgxH2AYViJHW53BeNTRd9kyXRjGYYyxhPquDCjTmeD4zPunC/b/A==",
      "dependencies": {
        "nanoid": "^5.0.6"
      }
    },
    "node_modules/dayjs": {
      "version": "1.11.10",
      "resolved": "https://registry.npmjs.org/dayjs/-/dayjs-1.11.10.tgz",
      "integrity": "sha512-vjAczensTgRcqDERK0SR2XMwsF/tSvnvlv6VcF2GIhg6Sx4yOIt/irsr1RDJsKiIyBzJDpCoXiWWq28MqH2cnQ=="
    },
    "node_modules/dayjs-plugin-utc": {
      "version": "0.1.2",
      "license": "MIT"
    },
    "node_modules/lodash-es": {
      "version": "4.17.21",
      "license": "MIT"
    },
    "node_modules/nanoid": {
      "version": "5.0.6",
      "resolved": "https://registry.npmjs.org/nanoid/-/nanoid-5.0.6.tgz",
      "integrity": "sha512-rRq0eMHoGZxlvaFOUdK1Ev83Bd1IgzzR+WJ3IbDJ7QOSdAxYjlurSPqFs9s4lJg29RT6nPwizFtJhQS6V5xgiA==",
      "funding": [
        {
          "type": "github",
          "url": "https://github.com/sponsors/ai"
        }
      ],
      "bin": {
        "nanoid": "bin/nanoid.js"
      },
      "engines": {
        "node": "^18 || >=20"
      }
    }
  }
}
