{
  "name": "@thzero/library_common",
  "version": "0.17.4",
  "lockfileVersion": 2,
  "requires": true,
  "packages": {
    "": {
      "name": "@thzero/library_common",
      "version": "0.17.4",
      "license": "MIT",
      "dependencies": {
        "@thzero/library_id_nanoid": "^0.17.2",
        "dayjs": "^1.11.7",
        "dayjs-plugin-utc": "^0.1.2",
        "lodash-es": "^4.17.21"
      }
    },
    "node_modules/@thzero/library_id_nanoid": {
      "version": "0.17.2",
      "resolved": "https://registry.npmjs.org/@thzero/library_id_nanoid/-/library_id_nanoid-0.17.2.tgz",
      "integrity": "sha512-13SpBf9huzQSM5mGDGTlSv8UF6ECHUiaaok9kkV2EdpPgKgdhgv7F3TlhhzEJxDYIN7obdtKS4zMqhh9IorGnQ==",
      "dependencies": {
        "nanoid": "^4.0.1"
      }
    },
    "node_modules/dayjs": {
      "version": "1.11.7",
      "resolved": "https://registry.npmjs.org/dayjs/-/dayjs-1.11.7.tgz",
      "integrity": "sha512-+Yw9U6YO5TQohxLcIkrXBeY73WP3ejHWVvx8XCk3gxvQDCTEmS48ZrSZCKciI7Bhl/uCMyxYtE9UqRILmFphkQ=="
    },
    "node_modules/dayjs-plugin-utc": {
      "version": "0.1.2",
      "resolved": "https://registry.npmjs.org/dayjs-plugin-utc/-/dayjs-plugin-utc-0.1.2.tgz",
      "integrity": "sha512-ExERH5o3oo6jFOdkvMP3gytTCQ9Ksi5PtylclJWghr7k7m3o2U5QrwtdiJkOxLOH4ghr0EKhpqGefzGz1VvVJg=="
    },
    "node_modules/lodash-es": {
      "version": "4.17.21",
      "resolved": "https://registry.npmjs.org/lodash-es/-/lodash-es-4.17.21.tgz",
      "integrity": "sha512-mKnC+QJ9pWVzv+C4/U3rRsHapFfHvQFoFB92e52xeyGMcX6/OlIl78je1u8vePzYZSkkogMPJ2yjxxsb89cxyw=="
    },
    "node_modules/nanoid": {
      "version": "4.0.1",
      "resolved": "https://registry.npmjs.org/nanoid/-/nanoid-4.0.1.tgz",
      "integrity": "sha512-udKGtCCUafD3nQtJg9wBhRP3KMbPglUsgV5JVsXhvyBs/oefqb4sqMEhKBBgqZncYowu58p1prsZQBYvAj/Gww==",
      "bin": {
        "nanoid": "bin/nanoid.js"
      },
      "engines": {
        "node": "^14 || ^16 || >=18"
      }
    }
  },
  "dependencies": {
    "@thzero/library_id_nanoid": {
      "version": "0.17.2",
      "resolved": "https://registry.npmjs.org/@thzero/library_id_nanoid/-/library_id_nanoid-0.17.2.tgz",
      "integrity": "sha512-13SpBf9huzQSM5mGDGTlSv8UF6ECHUiaaok9kkV2EdpPgKgdhgv7F3TlhhzEJxDYIN7obdtKS4zMqhh9IorGnQ==",
      "requires": {
        "nanoid": "^4.0.1"
      }
    },
    "dayjs": {
      "version": "1.11.7",
      "resolved": "https://registry.npmjs.org/dayjs/-/dayjs-1.11.7.tgz",
      "integrity": "sha512-+Yw9U6YO5TQohxLcIkrXBeY73WP3ejHWVvx8XCk3gxvQDCTEmS48ZrSZCKciI7Bhl/uCMyxYtE9UqRILmFphkQ=="
    },
    "dayjs-plugin-utc": {
      "version": "0.1.2",
      "resolved": "https://registry.npmjs.org/dayjs-plugin-utc/-/dayjs-plugin-utc-0.1.2.tgz",
      "integrity": "sha512-ExERH5o3oo6jFOdkvMP3gytTCQ9Ksi5PtylclJWghr7k7m3o2U5QrwtdiJkOxLOH4ghr0EKhpqGefzGz1VvVJg=="
    },
    "lodash-es": {
      "version": "4.17.21",
      "resolved": "https://registry.npmjs.org/lodash-es/-/lodash-es-4.17.21.tgz",
      "integrity": "sha512-mKnC+QJ9pWVzv+C4/U3rRsHapFfHvQFoFB92e52xeyGMcX6/OlIl78je1u8vePzYZSkkogMPJ2yjxxsb89cxyw=="
    },
    "nanoid": {
      "version": "4.0.1",
      "resolved": "https://registry.npmjs.org/nanoid/-/nanoid-4.0.1.tgz",
      "integrity": "sha512-udKGtCCUafD3nQtJg9wBhRP3KMbPglUsgV5JVsXhvyBs/oefqb4sqMEhKBBgqZncYowu58p1prsZQBYvAj/Gww=="
    }
  }
}
