{
  "name": "@thzero/library_common",
  "version": "0.18.8",
  "lockfileVersion": 3,
  "requires": true,
  "packages": {
    "": {
      "name": "@thzero/library_common",
      "version": "0.18.8",
      "license": "MIT",
      "dependencies": {
        "@thzero/library_id_nanoid": "^0.18",
        "dayjs": "^1.11.13",
        "dayjs-plugin-utc": "^0.1.2",
        "lodash-es": "^4.17.21"
      }
    },
    "node_modules/@thzero/library_id_nanoid": {
      "version": "0.18.1",
      "resolved": "https://registry.npmjs.org/@thzero/library_id_nanoid/-/library_id_nanoid-0.18.1.tgz",
      "integrity": "sha512-vjXnmBriSpyPoYlUwd39pFLd56KIk0vFOvPgxH2AYViJHW53BeNTRd9kyXRjGYYyxhPquDCjTmeD4zPunC/b/A==",
      "dependencies": {
        "nanoid": "^5.0.6"
      }
    },
    "node_modules/dayjs": {
      "version": "1.11.13",
      "resolved": "https://registry.npmjs.org/dayjs/-/dayjs-1.11.13.tgz",
      "integrity": "sha512-oaMBel6gjolK862uaPQOVTA7q3TZhuSvuMQAAglQDOWYO9A91IrAOUJEyKVlqJlHE0vq5p5UXxzdPfMH/x6xNg=="
    },
    "node_modules/dayjs-plugin-utc": {
      "version": "0.1.2",
      "license": "MIT"
    },
    "node_modules/lodash-es": {
      "version": "4.17.21",
      "license": "MIT"
    },
    "node_modules/nanoid": {
      "version": "5.0.9",
      "resolved": "https://registry.npmjs.org/nanoid/-/nanoid-5.0.9.tgz",
      "integrity": "sha512-Aooyr6MXU6HpvvWXKoVoXwKMs/KyVakWwg7xQfv5/S/RIgJMy0Ifa45H9qqYy7pTCszrHzP21Uk4PZq2HpEM8Q==",
      "funding": [
        {
          "type": "github",
          "url": "https://github.com/sponsors/ai"
        }
      ],
      "bin": {
        "nanoid": "bin/nanoid.js"
      },
      "engines": {
        "node": "^18 || >=20"
      }
    }
  }
}
